
Microsoft Visual Studio Solution File, Format Version 12.00
# Visual Studio 15
VisualStudioVersion = 15.0.28307.168
MinimumVisualStudioVersion = 10.0.40219.1
Project("{FAE04EC0-301F-11D3-BF4B-00C04F79EFBC}") = "CSharpDesignPatterns", "CSharpDesignPatterns\CSharpDesignPatterns.csproj", "{5707DAD1-F6AB-465A-BEF0-75719EA80A34}"
EndProject
Global
	GlobalSection(SolutionConfigurationPlatforms) = preSolution
		Debug|Any CPU = Debug|Any CPU
		Release|Any CPU = Release|Any CPU
	EndGlobalSection
	GlobalSection(ProjectConfigurationPlatforms) = postSolution
		{5707DAD1-F6AB-465A-BEF0-75719EA80A34}.Debug|Any CPU.ActiveCfg = Debug|Any CPU
		{5707DAD1-F6AB-465A-BEF0-75719EA80A34}.Debug|Any CPU.Build.0 = Debug|Any CPU
		{5707DAD1-F6AB-465A-BEF0-75719EA80A34}.Release|Any CPU.ActiveCfg = Release|Any CPU
		{5707DAD1-F6AB-465A-BEF0-75719EA80A34}.Release|Any CPU.Build.0 = Release|Any CPU
	EndGlobalSection
	GlobalSection(SolutionProperties) = preSolution
		HideSolutionNode = FALSE
	EndGlobalSection
	GlobalSection(ExtensibilityGlobals) = postSolution
		SolutionGuid = {556B7048-9D9C-449F-95B2-98A077726E81}
	EndGlobalSection
EndGlobal
